Microsoft Visual Studio Solution File, Format Version 12.00
# Visual Studio Version 17
VisualStudioVersion = 17.5.2.0
MinimumVisualStudioVersion = 10.0.40219.1
Project("{2150E333-8FDC-42A3-9474-1A3956D46DE8}") = "study", "study", "{FE6278CE-3FC1-0F79-2CE9-C612577D369E}"
EndProject
Project("{FAE04EC0-301F-11D3-BF4B-00C04F79EFBC}") = "imgSotre", "study\imgStore\imgSotre.csproj", "{4F8F55D9-931A-0AD5-C70F-15CEF4DA8658}"
EndProject
Global
	GlobalSection(SolutionConfigurationPlatforms) = preSolution
		Debug|Any CPU = Debug|Any CPU
		Release|Any CPU = Release|Any CPU
	EndGlobalSection
	GlobalSection(ProjectConfigurationPlatforms) = postSolution
		{4F8F55D9-931A-0AD5-C70F-15CEF4DA8658}.Debug|Any CPU.ActiveCfg = Debug|Any CPU
		{4F8F55D9-931A-0AD5-C70F-15CEF4DA8658}.Debug|Any CPU.Build.0 = Debug|Any CPU
		{4F8F55D9-931A-0AD5-C70F-15CEF4DA8658}.Release|Any CPU.ActiveCfg = Release|Any CPU
		{4F8F55D9-931A-0AD5-C70F-15CEF4DA8658}.Release|Any CPU.Build.0 = Release|Any CPU
	EndGlobalSection
	GlobalSection(SolutionProperties) = preSolution
		HideSolutionNode = FALSE
	EndGlobalSection
	GlobalSection(NestedProjects) = preSolution
		{4F8F55D9-931A-0AD5-C70F-15CEF4DA8658} = {FE6278CE-3FC1-0F79-2CE9-C612577D369E}
	EndGlobalSection
	GlobalSection(ExtensibilityGlobals) = postSolution
		SolutionGuid = {590F2481-57CE-43D7-9B87-EAEAFB08F0E2}
	EndGlobalSection
EndGlobal
